
Microsoft Visual Studio Solution File, Format Version 12.00
# Visual Studio Version 17
VisualStudioVersion = 17.8.34525.116
MinimumVisualStudioVersion = 10.0.40219.1
Project("{FAE04EC0-301F-11D3-BF4B-00C04F79EFBC}") = "RimFlix Music Syncer", "RimFlix Music Syncer.csproj", "{DC2FD5B7-15BF-4206-A74C-2745B9AB5EA9}"
EndProject
Global
	GlobalSection(SolutionConfigurationPlatforms) = preSolution
		Debug|Any CPU = Debug|Any CPU
		Release|Any CPU = Release|Any CPU
	EndGlobalSection
	GlobalSection(ProjectConfigurationPlatforms) = postSolution
		{DC2FD5B7-15BF-4206-A74C-2745B9AB5EA9}.Debug|Any CPU.ActiveCfg = Debug|Any CPU
		{DC2FD5B7-15BF-4206-A74C-2745B9AB5EA9}.Debug|Any CPU.Build.0 = Debug|Any CPU
		{DC2FD5B7-15BF-4206-A74C-2745B9AB5EA9}.Release|Any CPU.ActiveCfg = Release|Any CPU
		{DC2FD5B7-15BF-4206-A74C-2745B9AB5EA9}.Release|Any CPU.Build.0 = Release|Any CPU
	EndGlobalSection
	GlobalSection(SolutionProperties) = preSolution
		HideSolutionNode = FALSE
	EndGlobalSection
	GlobalSection(ExtensibilityGlobals) = postSolution
		SolutionGuid = {8B136A74-0886-4966-AA1A-7DE7297C26CA}
	EndGlobalSection
EndGlobal
